// !$*UTF8*$!
{
	archiveVersion = 1;
	classes = {
	};
	objectVersion = 50;
	objects = {

/* Begin PBXBuildFile section */
		84C0B096256422BD00E87EE9 /* Article.swift in Sources */ = {isa = PBXBuildFile; fileRef = 84C0B095256422BD00E87EE9 /* Article.swift */; };
		84C0B09A2564232C00E87EE9 /* ArticleTableViewCell.swift in Sources */ = {isa = PBXBuildFile; fileRef = 84C0B0992564232C00E87EE9 /* ArticleTableViewCell.swift */; };
		84C0B09E2564235900E87EE9 /* Webservice.swift in Sources */ = {isa = PBXBuildFile; fileRef = 84C0B09D2564235900E87EE9 /* Webservice.swift */; };
		84C0B0A22564253200E87EE9 /* ArticleViewModel.swift in Sources */ = {isa = PBXBuildFile; fileRef = 84C0B0A12564253200E87EE9 /* ArticleViewModel.swift */; };
		84C0B0A62564254000E87EE9 /* ArticleListViewModel.swift in Sources */ = {isa = PBXBuildFile; fileRef = 84C0B0A52564254000E87EE9 /* ArticleListViewModel.swift */; };
		8D97917A2209DEAA00100BDA /* AppDelegate.swift in Sources */ = {isa = PBXBuildFile; fileRef = 8D9791792209DEAA00100BDA /* AppDelegate.swift */; };
		8D97917F2209DEAA00100BDA /* Main.storyboard in Resources */ = {isa = PBXBuildFile; fileRef = 8D97917D2209DEAA00100BDA /* Main.storyboard */; };
		8D9791812209DEAB00100BDA /* Assets.xcassets in Resources */ = {isa = PBXBuildFile; fileRef = 8D9791802209DEAB00100BDA /* Assets.xcassets */; };
		8D9791842209DEAB00100BDA /* LaunchScreen.storyboard in Resources */ = {isa = PBXBuildFile; fileRef = 8D9791822209DEAB00100BDA /* LaunchScreen.storyboard */; };
		8D97918D2209DEEB00100BDA /* NewsListTableViewController.swift in Sources */ = {isa = PBXBuildFile; fileRef = 8D97918C2209DEEB00100BDA /* NewsListTableViewController.swift */; };
/* End PBXBuildFile section */

/* Begin PBXFileReference section */
		84C0B095256422BD00E87EE9 /* Article.swift */ = {isa = PBXFileReference; lastKnownFileType = sourcecode.swift; path = Article.swift; sourceTree = "<group>"; };
		84C0B0992564232C00E87EE9 /* ArticleTableViewCell.swift */ = {isa = PBXFileReference; lastKnownFileType = sourcecode.swift; path = ArticleTableViewCell.swift; sourceTree = "<group>"; };
		84C0B09D2564235900E87EE9 /* Webservice.swift */ = {isa = PBXFileReference; lastKnownFileType = sourcecode.swift; path = Webservice.swift; sourceTree = "<group>"; };
		84C0B0A12564253200E87EE9 /* ArticleViewModel.swift */ = {isa = PBXFileReference; lastKnownFileType = sourcecode.swift; path = ArticleViewModel.swift; sourceTree = "<group>"; };
		84C0B0A52564254000E87EE9 /* ArticleListViewModel.swift */ = {isa = PBXFileReference; lastKnownFileType = sourcecode.swift; path = ArticleListViewModel.swift; sourceTree = "<group>"; };
		8D9791762209DEAA00100BDA /* GoodNews.app */ = {isa = PBXFileReference; explicitFileType = wrapper.application; includeInIndex = 0; path = GoodNews.app; sourceTree = BUILT_PRODUCTS_DIR; };
		8D9791792209DEAA00100BDA /* AppDelegate.swift */ = {isa = PBXFileReference; lastKnownFileType = sourcecode.swift; path = AppDelegate.swift; sourceTree = "<group>"; };
		8D97917E2209DEAA00100BDA /* Base */ = {isa = PBXFileReference; lastKnownFileType = file.storyboard; name = Base; path = Base.lproj/Main.storyboard; sourceTree = "<group>"; };
		8D9791802209DEAB00100BDA /* Assets.xcassets */ = {isa = PBXFileReference; lastKnownFileType = folder.assetcatalog; path = Assets.xcassets; sourceTree = "<group>"; };
		8D9791832209DEAB00100BDA /* Base */ = {isa = PBXFileReference; lastKnownFileType = file.storyboard; name = Base; path = Base.lproj/LaunchScreen.storyboard; sourceTree = "<group>"; };
		8D9791852209DEAB00100BDA /* Info.plist */ = {isa = PBXFileReference; lastKnownFileType = text.plist.xml; path = Info.plist; sourceTree = "<group>"; };
		8D97918C2209DEEB00100BDA /* NewsListTableViewController.swift */ = {isa = PBXFileReference; lastKnownFileType = sourcecode.swift; path = NewsListTableViewController.swift; sourceTree = "<group>"; };
/* End PBXFileReference section */

/* Begin PBXFrameworksBuildPhase section */
		8D9791732209DEAA00100BDA /* Frameworks */ = {
			isa = PBXFrameworksBuildPhase;
			buildActionMask = 2147483647;
			files = (
			);
			runOnlyForDeploymentPostprocessing = 0;
		};
/* End PBXFrameworksBuildPhase section */

/* Begin PBXGroup section */
		84C0B093256422A000E87EE9 /* Models */ = {
			isa = PBXGroup;
			children = (
				84C0B095256422BD00E87EE9 /* Article.swift */,
			);
			path = Models;
			sourceTree = "<group>";
		};
		84C0B0982564232100E87EE9 /* Cells */ = {
			isa = PBXGroup;
			children = (
				84C0B0992564232C00E87EE9 /* ArticleTableViewCell.swift */,
			);
			path = Cells;
			sourceTree = "<group>";
		};
		84C0B09C2564234700E87EE9 /* WebServices */ = {
			isa = PBXGroup;
			children = (
				84C0B09D2564235900E87EE9 /* Webservice.swift */,
			);
			path = WebServices;
			sourceTree = "<group>";
		};
		84C0B0A02564251C00E87EE9 /* View Models */ = {
			isa = PBXGroup;
			children = (
				84C0B0A12564253200E87EE9 /* ArticleViewModel.swift */,
				84C0B0A52564254000E87EE9 /* ArticleListViewModel.swift */,
			);
			path = "View Models";
			sourceTree = "<group>";
		};
		8D97916D2209DEAA00100BDA = {
			isa = PBXGroup;
			children = (
				8D9791782209DEAA00100BDA /* GoodNews */,
				8D9791772209DEAA00100BDA /* Products */,
			);
			sourceTree = "<group>";
		};
		8D9791772209DEAA00100BDA /* Products */ = {
			isa = PBXGroup;
			children = (
				8D9791762209DEAA00100BDA /* GoodNews.app */,
			);
			name = Products;
			sourceTree = "<group>";
		};
		8D9791782209DEAA00100BDA /* GoodNews */ = {
			isa = PBXGroup;
			children = (
				84C0B0A02564251C00E87EE9 /* View Models */,
				84C0B09C2564234700E87EE9 /* WebServices */,
				84C0B0982564232100E87EE9 /* Cells */,
				84C0B093256422A000E87EE9 /* Models */,
				8D97918B2209DED300100BDA /* Controllers */,
				8D9791792209DEAA00100BDA /* AppDelegate.swift */,
				8D97917D2209DEAA00100BDA /* Main.storyboard */,
				8D9791802209DEAB00100BDA /* Assets.xcassets */,
				8D9791822209DEAB00100BDA /* LaunchScreen.storyboard */,
				8D9791852209DEAB00100BDA /* Info.plist */,
			);
			path = GoodNews;
			sourceTree = "<group>";
		};
		8D97918B2209DED300100BDA /* Controllers */ = {
			isa = PBXGroup;
			children = (
				8D97918C2209DEEB00100BDA /* NewsListTableViewController.swift */,
			);
			path = Controllers;
			sourceTree = "<group>";
		};
/* End PBXGroup section */

/* Begin PBXNativeTarget section */
		8D9791752209DEAA00100BDA /* GoodNews */ = {
			isa = PBXNativeTarget;
			buildConfigurationList = 8D9791882209DEAB00100BDA /* Build configuration list for PBXNativeTarget "GoodNews" */;
			buildPhases = (
				8D9791722209DEAA00100BDA /* Sources */,
				8D9791732209DEAA00100BDA /* Frameworks */,
				8D9791742209DEAA00100BDA /* Resources */,
			);
			buildRules = (
			);
			dependencies = (
			);
			name = GoodNews;
			productName = GoodNews;
			productReference = 8D9791762209DEAA00100BDA /* GoodNews.app */;
			productType = "com.apple.product-type.application";
		};
/* End PBXNativeTarget section */

/* Begin PBXProject section */
		8D97916E2209DEAA00100BDA /* Project object */ = {
			isa = PBXProject;
			attributes = {
				LastSwiftUpdateCheck = 1010;
				LastUpgradeCheck = 1010;
				ORGANIZATIONNAME = "Mohammad Azam";
				TargetAttributes = {
					8D9791752209DEAA00100BDA = {
						CreatedOnToolsVersion = 10.1;
					};
				};
			};
			buildConfigurationList = 8D9791712209DEAA00100BDA /* Build configuration list for PBXProject "GoodNews" */;
			compatibilityVersion = "Xcode 9.3";
			developmentRegion = en;
			hasScannedForEncodings = 0;
			knownRegions = (
				en,
				Base,
			);
			mainGroup = 8D97916D2209DEAA00100BDA;
			productRefGroup = 8D9791772209DEAA00100BDA /* Products */;
			projectDirPath = "";
			projectRoot = "";
			targets = (
				8D9791752209DEAA00100BDA /* GoodNews */,
			);
		};
/* End PBXProject section */

/* Begin PBXResourcesBuildPhase section */
		8D9791742209DEAA00100BDA /* Resources */ = {
			isa = PBXResourcesBuildPhase;
			buildActionMask = 2147483647;
			files = (
				8D9791842209DEAB00100BDA /* LaunchScreen.storyboard in Resources */,
				8D9791812209DEAB00100BDA /* Assets.xcassets in Resources */,
				8D97917F2209DEAA00100BDA /* Main.storyboard in Resources */,
			);
			runOnlyForDeploymentPostprocessing = 0;
		};
/* End PBXResourcesBuildPhase section */

/* Begin PBXSourcesBuildPhase section */
		8D9791722209DEAA00100BDA /* Sources */ = {
			isa = PBXSourcesBuildPhase;
			buildActionMask = 2147483647;
			files = (
				84C0B09A2564232C00E87EE9 /* ArticleTableViewCell.swift in Sources */,
				8D97918D2209DEEB00100BDA /* NewsListTableViewController.swift in Sources */,
				8D97917A2209DEAA00100BDA /* AppDelegate.swift in Sources */,
				84C0B0A22564253200E87EE9 /* ArticleViewModel.swift in Sources */,
				84C0B09E2564235900E87EE9 /* Webservice.swift in Sources */,
				84C0B096256422BD00E87EE9 /* Article.swift in Sources */,
				84C0B0A62564254000E87EE9 /* ArticleListViewModel.swift in Sources */,
			);
			runOnlyForDeploymentPostprocessing = 0;
		};
/* End PBXSourcesBuildPhase section */

/* Begin PBXVariantGroup section */
		8D97917D2209DEAA00100BDA /* Main.storyboard */ = {
			isa = PBXVariantGroup;
			children = (
				8D97917E2209DEAA00100BDA /* Base */,
			);
			name = Main.storyboard;
			sourceTree = "<group>";
		};
		8D9791822209DEAB00100BDA /* LaunchScreen.storyboard */ = {
			isa = PBXVariantGroup;
			children = (
				8D9791832209DEAB00100BDA /* Base */,
			);
			name = LaunchScreen.storyboard;
			sourceTree = "<group>";
		};
/* End PBXVariantGroup section */

/* Begin XCBuildConfiguration section */
		8D9791862209DEAB00100BDA /* Debug */ = {
			isa = XCBuildConfiguration;
			buildSettings = {
				ALWAYS_SEARCH_USER_PATHS = NO;
				CLANG_ANALYZER_NONNULL = YES;
				CLANG_ANALYZER_NUMBER_OBJECT_CONVERSION = YES_AGGRESSIVE;
				CLANG_CXX_LANGUAGE_STANDARD = "gnu++14";
				CLANG_CXX_LIBRARY = "libc++";
				CLANG_ENABLE_MODULES = YES;
				CLANG_ENABLE_OBJC_ARC = YES;
				CLANG_ENABLE_OBJC_WEAK = YES;
				CLANG_WARN_BLOCK_CAPTURE_AUTORELEASING = YES;
				CLANG_WARN_BOOL_CONVERSION = YES;
				CLANG_WARN_COMMA = YES;
				CLANG_WARN_CONSTANT_CONVERSION = YES;
				CLANG_WARN_DEPRECATED_OBJC_IMPLEMENTATIONS = YES;
				CLANG_WARN_DIRECT_OBJC_ISA_USAGE = YES_ERROR;
				CLANG_WARN_DOCUMENTATION_COMMENTS = YES;
				CLANG_WARN_EMPTY_BODY = YES;
				CLANG_WARN_ENUM_CONVERSION = YES;
				CLANG_WARN_INFINITE_RECURSION = YES;
				CLANG_WARN_INT_CONVERSION = YES;
				CLANG_WARN_NON_LITERAL_NULL_CONVERSION = YES;
				CLANG_WARN_OBJC_IMPLICIT_RETAIN_SELF = YES;
				CLANG_WARN_OBJC_LITERAL_CONVERSION = YES;
				CLANG_WARN_OBJC_ROOT_CLASS = YES_ERROR;
				CLANG_WARN_RANGE_LOOP_ANALYSIS = YES;
				CLANG_WARN_STRICT_PROTOTYPES = YES;
				CLANG_WARN_SUSPICIOUS_MOVE = YES;
				CLANG_WARN_UNGUARDED_AVAILABILITY = YES_AGGRESSIVE;
				CLANG_WARN_UNREACHABLE_CODE = YES;
				CLANG_WARN__DUPLICATE_METHOD_MATCH = YES;
				CODE_SIGN_IDENTITY = "iPhone Developer";
				COPY_PHASE_STRIP = NO;
				DEBUG_INFORMATION_FORMAT = dwarf;
				ENABLE_STRICT_OBJC_MSGSEND = YES;
				ENABLE_TESTABILITY = YES;
				GCC_C_LANGUAGE_STANDARD = gnu11;
				GCC_DYNAMIC_NO_PIC = NO;
				GCC_NO_COMMON_BLOCKS = YES;
				GCC_OPTIMIZATION_LEVEL = 0;
				GCC_PREPROCESSOR_DEFINITIONS = (
					"DEBUG=1",
					"$(inherited)",
				);
				GCC_WARN_64_TO_32_BIT_CONVERSION = YES;
				GCC_WARN_ABOUT_RETURN_TYPE = YES_ERROR;
				GCC_WARN_UNDECLARED_SELECTOR = YES;
				GCC_WARN_UNINITIALIZED_AUTOS = YES_AGGRESSIVE;
				GCC_WARN_UNUSED_FUNCTION = YES;
				GCC_WARN_UNUSED_VARIABLE = YES;
				IPHONEOS_DEPLOYMENT_TARGET = 12.1;
				MTL_ENABLE_DEBUG_INFO = INCLUDE_SOURCE;
				MTL_FAST_MATH = YES;
				ONLY_ACTIVE_ARCH = YES;
				SDKROOT = iphoneos;
				SWIFT_ACTIVE_COMPILATION_CONDITIONS = DEBUG;
				SWIFT_OPTIMIZATION_LEVEL = "-Onone";
			};
			name = Debug;
		};
		8D9791872209DEAB00100BDA /* Release */ = {
			isa = XCBuildConfiguration;
			buildSettings = {
				ALWAYS_SEARCH_USER_PATHS = NO;
				CLANG_ANALYZER_NONNULL = YES;
				CLANG_ANALYZER_NUMBER_OBJECT_CONVERSION = YES_AGGRESSIVE;
				CLANG_CXX_LANGUAGE_STANDARD = "gnu++14";
				CLANG_CXX_LIBRARY = "libc++";
				CLANG_ENABLE_MODULES = YES;
				CLANG_ENABLE_OBJC_ARC = YES;
				CLANG_ENABLE_OBJC_WEAK = YES;
				CLANG_WARN_BLOCK_CAPTURE_AUTORELEASING = YES;
				CLANG_WARN_BOOL_CONVERSION = YES;
				CLANG_WARN_COMMA = YES;
				CLANG_WARN_CONSTANT_CONVERSION = YES;
				CLANG_WARN_DEPRECATED_OBJC_IMPLEMENTATIONS = YES;
				CLANG_WARN_DIRECT_OBJC_ISA_USAGE = YES_ERROR;
				CLANG_WARN_DOCUMENTATION_COMMENTS = YES;
				CLANG_WARN_EMPTY_BODY = YES;
				CLANG_WARN_ENUM_CONVERSION = YES;
				CLANG_WARN_INFINITE_RECURSION = YES;
				CLANG_WARN_INT_CONVERSION = YES;
				CLANG_WARN_NON_LITERAL_NULL_CONVERSION = YES;
				CLANG_WARN_OBJC_IMPLICIT_RETAIN_SELF = YES;
				CLANG_WARN_OBJC_LITERAL_CONVERSION = YES;
				CLANG_WARN_OBJC_ROOT_CLASS = YES_ERROR;
				CLANG_WARN_RANGE_LOOP_ANALYSIS = YES;
				CLANG_WARN_STRICT_PROTOTYPES = YES;
				CLANG_WARN_SUSPICIOUS_MOVE = YES;
				CLANG_WARN_UNGUARDED_AVAILABILITY = YES_AGGRESSIVE;
				CLANG_WARN_UNREACHABLE_CODE = YES;
				CLANG_WARN__DUPLICATE_METHOD_MATCH = YES;
				CODE_SIGN_IDENTITY = "iPhone Developer";
				COPY_PHASE_STRIP = NO;
				DEBUG_INFORMATION_FORMAT = "dwarf-with-dsym";
				ENABLE_NS_ASSERTIONS = NO;
				ENABLE_STRICT_OBJC_MSGSEND = YES;
				GCC_C_LANGUAGE_STANDARD = gnu11;
				GCC_NO_COMMON_BLOCKS = YES;
				GCC_WARN_64_TO_32_BIT_CONVERSION = YES;
				GCC_WARN_ABOUT_RETURN_TYPE = YES_ERROR;
				GCC_WARN_UNDECLARED_SELECTOR = YES;
				GCC_WARN_UNINITIALIZED_AUTOS = YES_AGGRESSIVE;
				GCC_WARN_UNUSED_FUNCTION = YES;
				GCC_WARN_UNUSED_VARIABLE = YES;
				IPHONEOS_DEPLOYMENT_TARGET = 12.1;
				MTL_ENABLE_DEBUG_INFO = NO;
				MTL_FAST_MATH = YES;
				SDKROOT = iphoneos;
				SWIFT_COMPILATION_MODE = wholemodule;
				SWIFT_OPTIMIZATION_LEVEL = "-O";
				VALIDATE_PRODUCT = YES;
			};
			name = Release;
		};
		8D9791892209DEAB00100BDA /* Debug */ = {
			isa = XCBuildConfiguration;
			buildSettings = {
				ASSETCATALOG_COMPILER_APPICON_NAME = AppIcon;
				CODE_SIGN_STYLE = Automatic;
				DEVELOPMENT_TEAM = L8D728RB97;
				INFOPLIST_FILE = GoodNews/Info.plist;
				LD_RUNPATH_SEARCH_PATHS = (
					"$(inherited)",
					"@executable_path/Frameworks",
				);
				PRODUCT_BUNDLE_IDENTIFIER = com.sujit.GoodNews;
				PRODUCT_NAME = "$(TARGET_NAME)";
				SWIFT_VERSION = 4.2;
				TARGETED_DEVICE_FAMILY = "1,2";
			};
			name = Debug;
		};
		8D97918A2209DEAB00100BDA /* Release */ = {
			isa = XCBuildConfiguration;
			buildSettings = {
				ASSETCATALOG_COMPILER_APPICON_NAME = AppIcon;
				CODE_SIGN_STYLE = Automatic;
				DEVELOPMENT_TEAM = L8D728RB97;
				INFOPLIST_FILE = GoodNews/Info.plist;
				LD_RUNPATH_SEARCH_PATHS = (
					"$(inherited)",
					"@executable_path/Frameworks",
				);
				PRODUCT_BUNDLE_IDENTIFIER = com.sujit.GoodNews;
				PRODUCT_NAME = "$(TARGET_NAME)";
				SWIFT_VERSION = 4.2;
				TARGETED_DEVICE_FAMILY = "1,2";
			};
			name = Release;
		};
/* End XCBuildConfiguration section */

/* Begin XCConfigurationList section */
		8D9791712209DEAA00100BDA /* Build configuration list for PBXProject "GoodNews" */ = {
			isa = XCConfigurationList;
			buildConfigurations = (
				8D9791862209DEAB00100BDA /* Debug */,
				8D9791872209DEAB00100BDA /* Release */,
			);
			defaultConfigurationIsVisible = 0;
			defaultConfigurationName = Release;
		};
		8D9791882209DEAB00100BDA /* Build configuration list for PBXNativeTarget "GoodNews" */ = {
			isa = XCConfigurationList;
			buildConfigurations = (
				8D9791892209DEAB00100BDA /* Debug */,
				8D97918A2209DEAB00100BDA /* Release */,
			);
			defaultConfigurationIsVisible = 0;
			defaultConfigurationName = Release;
		};
/* End XCConfigurationList section */
	};
	rootObject = 8D97916E2209DEAA00100BDA /* Project object */;
}
