// !$*UTF8*$!
{
	archiveVersion = 1;
	classes = {
	};
	objectVersion = 51;
	objects = {

/* Begin PBXBuildFile section */
		28E2239C17BBAF44E98DE7A9 /* Pods_GoodWeather.framework in Frameworks */ = {isa = PBXBuildFile; fileRef = 59D7D607FE678E754DD03A33 /* Pods_GoodWeather.framework */; };
		844810A62567FD7D009D2BB4 /* WeatherViewModel.swift in Sources */ = {isa = PBXBuildFile; fileRef = 844810A52567FD7D009D2BB4 /* WeatherViewModel.swift */; };
		844810AE2567FF74009D2BB4 /* WeatherModel.swift in Sources */ = {isa = PBXBuildFile; fileRef = 844810AD2567FF74009D2BB4 /* WeatherModel.swift */; };
		844810B22567FFA0009D2BB4 /* Clouds.swift in Sources */ = {isa = PBXBuildFile; fileRef = 844810B12567FFA0009D2BB4 /* Clouds.swift */; };
		844810B52567FFCB009D2BB4 /* Coord.swift in Sources */ = {isa = PBXBuildFile; fileRef = 844810B42567FFCB009D2BB4 /* Coord.swift */; };
		844810B82568001F009D2BB4 /* Main.swift in Sources */ = {isa = PBXBuildFile; fileRef = 844810B72568001F009D2BB4 /* Main.swift */; };
		844810BB25680040009D2BB4 /* Sys.swift in Sources */ = {isa = PBXBuildFile; fileRef = 844810BA25680040009D2BB4 /* Sys.swift */; };
		844810BE25680052009D2BB4 /* Weather.swift in Sources */ = {isa = PBXBuildFile; fileRef = 844810BD25680052009D2BB4 /* Weather.swift */; };
		844810C225680073009D2BB4 /* Wind.swift in Sources */ = {isa = PBXBuildFile; fileRef = 844810C125680073009D2BB4 /* Wind.swift */; };
		84935ADF25680251008704F3 /* CustomStringConvertible+Extensions.swift in Sources */ = {isa = PBXBuildFile; fileRef = 84935ADE25680251008704F3 /* CustomStringConvertible+Extensions.swift */; };
		84935AE4256817B6008704F3 /* APIEndPoints.swift in Sources */ = {isa = PBXBuildFile; fileRef = 84935AE3256817B6008704F3 /* APIEndPoints.swift */; };
		8D1307A421B31A15000DFB56 /* AppDelegate.swift in Sources */ = {isa = PBXBuildFile; fileRef = 8D1307A321B31A15000DFB56 /* AppDelegate.swift */; };
		8D1307A921B31A15000DFB56 /* Main.storyboard in Resources */ = {isa = PBXBuildFile; fileRef = 8D1307A721B31A15000DFB56 /* Main.storyboard */; };
		8D1307AB21B31A16000DFB56 /* Assets.xcassets in Resources */ = {isa = PBXBuildFile; fileRef = 8D1307AA21B31A16000DFB56 /* Assets.xcassets */; };
		8D1307AE21B31A16000DFB56 /* LaunchScreen.storyboard in Resources */ = {isa = PBXBuildFile; fileRef = 8D1307AC21B31A16000DFB56 /* LaunchScreen.storyboard */; };
		8D237F3521B8BFD1008A4A4D /* AddCityViewModel.swift in Sources */ = {isa = PBXBuildFile; fileRef = 8D237F3421B8BFD1008A4A4D /* AddCityViewModel.swift */; };
		8D237F3821B8C039008A4A4D /* BindingTextField.swift in Sources */ = {isa = PBXBuildFile; fileRef = 8D237F3721B8C039008A4A4D /* BindingTextField.swift */; };
		8D41BA4921B4E54A00892DD0 /* SettingsTableViewController.swift in Sources */ = {isa = PBXBuildFile; fileRef = 8D41BA4821B4E54A00892DD0 /* SettingsTableViewController.swift */; };
		8D41BA4B21B4E7B500892DD0 /* SettingsViewModel.swift in Sources */ = {isa = PBXBuildFile; fileRef = 8D41BA4A21B4E7B500892DD0 /* SettingsViewModel.swift */; };
		8D5D959B21B31D47008DC2C2 /* WeatherListTableViewController.swift in Sources */ = {isa = PBXBuildFile; fileRef = 8D5D959A21B31D47008DC2C2 /* WeatherListTableViewController.swift */; };
		8D5D959D21B31D71008DC2C2 /* AddWeatherCityViewController.swift in Sources */ = {isa = PBXBuildFile; fileRef = 8D5D959C21B31D71008DC2C2 /* AddWeatherCityViewController.swift */; };
		8D5D95A021B3374B008DC2C2 /* WeatherCell.swift in Sources */ = {isa = PBXBuildFile; fileRef = 8D5D959F21B3374B008DC2C2 /* WeatherCell.swift */; };
		8D94001F21B4A6C800CD5909 /* Double+Extensions.swift in Sources */ = {isa = PBXBuildFile; fileRef = 8D94001E21B4A6C800CD5909 /* Double+Extensions.swift */; };
		8DCB661221B342090042CE6E /* Webservice.swift in Sources */ = {isa = PBXBuildFile; fileRef = 8DCB661121B342090042CE6E /* Webservice.swift */; };
		8DE35DF321B45547000C50CE /* WeatherListViewModel.swift in Sources */ = {isa = PBXBuildFile; fileRef = 8DE35DF221B45547000C50CE /* WeatherListViewModel.swift */; };
/* End PBXBuildFile section */

/* Begin PBXFileReference section */
		59D7D607FE678E754DD03A33 /* Pods_GoodWeather.framework */ = {isa = PBXFileReference; explicitFileType = wrapper.framework; includeInIndex = 0; path = Pods_GoodWeather.framework; sourceTree = BUILT_PRODUCTS_DIR; };
		844810A52567FD7D009D2BB4 /* WeatherViewModel.swift */ = {isa = PBXFileReference; lastKnownFileType = sourcecode.swift; path = WeatherViewModel.swift; sourceTree = "<group>"; };
		844810AD2567FF74009D2BB4 /* WeatherModel.swift */ = {isa = PBXFileReference; lastKnownFileType = sourcecode.swift; path = WeatherModel.swift; sourceTree = "<group>"; };
		844810B12567FFA0009D2BB4 /* Clouds.swift */ = {isa = PBXFileReference; lastKnownFileType = sourcecode.swift; path = Clouds.swift; sourceTree = "<group>"; };
		844810B42567FFCB009D2BB4 /* Coord.swift */ = {isa = PBXFileReference; lastKnownFileType = sourcecode.swift; path = Coord.swift; sourceTree = "<group>"; };
		844810B72568001F009D2BB4 /* Main.swift */ = {isa = PBXFileReference; lastKnownFileType = sourcecode.swift; path = Main.swift; sourceTree = "<group>"; };
		844810BA25680040009D2BB4 /* Sys.swift */ = {isa = PBXFileReference; lastKnownFileType = sourcecode.swift; path = Sys.swift; sourceTree = "<group>"; };
		844810BD25680052009D2BB4 /* Weather.swift */ = {isa = PBXFileReference; lastKnownFileType = sourcecode.swift; path = Weather.swift; sourceTree = "<group>"; };
		844810C125680073009D2BB4 /* Wind.swift */ = {isa = PBXFileReference; lastKnownFileType = sourcecode.swift; path = Wind.swift; sourceTree = "<group>"; };
		84935ADE25680251008704F3 /* CustomStringConvertible+Extensions.swift */ = {isa = PBXFileReference; lastKnownFileType = sourcecode.swift; path = "CustomStringConvertible+Extensions.swift"; sourceTree = "<group>"; };
		84935AE3256817B6008704F3 /* APIEndPoints.swift */ = {isa = PBXFileReference; lastKnownFileType = sourcecode.swift; path = APIEndPoints.swift; sourceTree = "<group>"; };
		88593091618A5B66A54C0CDF /* Pods-GoodWeather.debug.xcconfig */ = {isa = PBXFileReference; includeInIndex = 1; lastKnownFileType = text.xcconfig; name = "Pods-GoodWeather.debug.xcconfig"; path = "Target Support Files/Pods-GoodWeather/Pods-GoodWeather.debug.xcconfig"; sourceTree = "<group>"; };
		8B85B8B1FDF146AE1FA19905 /* Pods-GoodWeather.release.xcconfig */ = {isa = PBXFileReference; includeInIndex = 1; lastKnownFileType = text.xcconfig; name = "Pods-GoodWeather.release.xcconfig"; path = "Target Support Files/Pods-GoodWeather/Pods-GoodWeather.release.xcconfig"; sourceTree = "<group>"; };
		8D1307A021B31A15000DFB56 /* GoodWeather.app */ = {isa = PBXFileReference; explicitFileType = wrapper.application; includeInIndex = 0; path = GoodWeather.app; sourceTree = BUILT_PRODUCTS_DIR; };
		8D1307A321B31A15000DFB56 /* AppDelegate.swift */ = {isa = PBXFileReference; lastKnownFileType = sourcecode.swift; path = AppDelegate.swift; sourceTree = "<group>"; };
		8D1307A821B31A15000DFB56 /* Base */ = {isa = PBXFileReference; lastKnownFileType = file.storyboard; name = Base; path = Base.lproj/Main.storyboard; sourceTree = "<group>"; };
		8D1307AA21B31A16000DFB56 /* Assets.xcassets */ = {isa = PBXFileReference; lastKnownFileType = folder.assetcatalog; path = Assets.xcassets; sourceTree = "<group>"; };
		8D1307AD21B31A16000DFB56 /* Base */ = {isa = PBXFileReference; lastKnownFileType = file.storyboard; name = Base; path = Base.lproj/LaunchScreen.storyboard; sourceTree = "<group>"; };
		8D1307AF21B31A16000DFB56 /* Info.plist */ = {isa = PBXFileReference; lastKnownFileType = text.plist.xml; path = Info.plist; sourceTree = "<group>"; };
		8D237F3421B8BFD1008A4A4D /* AddCityViewModel.swift */ = {isa = PBXFileReference; lastKnownFileType = sourcecode.swift; path = AddCityViewModel.swift; sourceTree = "<group>"; };
		8D237F3721B8C039008A4A4D /* BindingTextField.swift */ = {isa = PBXFileReference; lastKnownFileType = sourcecode.swift; path = BindingTextField.swift; sourceTree = "<group>"; };
		8D41BA4821B4E54A00892DD0 /* SettingsTableViewController.swift */ = {isa = PBXFileReference; lastKnownFileType = sourcecode.swift; path = SettingsTableViewController.swift; sourceTree = "<group>"; };
		8D41BA4A21B4E7B500892DD0 /* SettingsViewModel.swift */ = {isa = PBXFileReference; lastKnownFileType = sourcecode.swift; path = SettingsViewModel.swift; sourceTree = "<group>"; };
		8D5D959A21B31D47008DC2C2 /* WeatherListTableViewController.swift */ = {isa = PBXFileReference; lastKnownFileType = sourcecode.swift; path = WeatherListTableViewController.swift; sourceTree = "<group>"; };
		8D5D959C21B31D71008DC2C2 /* AddWeatherCityViewController.swift */ = {isa = PBXFileReference; lastKnownFileType = sourcecode.swift; path = AddWeatherCityViewController.swift; sourceTree = "<group>"; };
		8D5D959F21B3374B008DC2C2 /* WeatherCell.swift */ = {isa = PBXFileReference; lastKnownFileType = sourcecode.swift; path = WeatherCell.swift; sourceTree = "<group>"; };
		8D94001E21B4A6C800CD5909 /* Double+Extensions.swift */ = {isa = PBXFileReference; lastKnownFileType = sourcecode.swift; path = "Double+Extensions.swift"; sourceTree = "<group>"; };
		8DCB661121B342090042CE6E /* Webservice.swift */ = {isa = PBXFileReference; lastKnownFileType = sourcecode.swift; path = Webservice.swift; sourceTree = "<group>"; };
		8DE35DF221B45547000C50CE /* WeatherListViewModel.swift */ = {isa = PBXFileReference; lastKnownFileType = sourcecode.swift; path = WeatherListViewModel.swift; sourceTree = "<group>"; };
/* End PBXFileReference section */

/* Begin PBXFrameworksBuildPhase section */
		8D13079D21B31A15000DFB56 /* Frameworks */ = {
			isa = PBXFrameworksBuildPhase;
			buildActionMask = 2147483647;
			files = (
				28E2239C17BBAF44E98DE7A9 /* Pods_GoodWeather.framework in Frameworks */,
			);
			runOnlyForDeploymentPostprocessing = 0;
		};
/* End PBXFrameworksBuildPhase section */

/* Begin PBXGroup section */
		844810AC2567FF69009D2BB4 /* Models */ = {
			isa = PBXGroup;
			children = (
				844810AD2567FF74009D2BB4 /* WeatherModel.swift */,
				844810B12567FFA0009D2BB4 /* Clouds.swift */,
				844810B42567FFCB009D2BB4 /* Coord.swift */,
				844810B72568001F009D2BB4 /* Main.swift */,
				844810BA25680040009D2BB4 /* Sys.swift */,
				844810BD25680052009D2BB4 /* Weather.swift */,
				844810C125680073009D2BB4 /* Wind.swift */,
			);
			path = Models;
			sourceTree = "<group>";
		};
		84935AE2256817A2008704F3 /* Constants */ = {
			isa = PBXGroup;
			children = (
				84935AE3256817B6008704F3 /* APIEndPoints.swift */,
			);
			path = Constants;
			sourceTree = "<group>";
		};
		8D13079721B31A15000DFB56 = {
			isa = PBXGroup;
			children = (
				8D1307A221B31A15000DFB56 /* GoodWeather */,
				8D1307A121B31A15000DFB56 /* Products */,
				CF93148D5C1E7BC38FAEF15D /* Pods */,
				940EB45AD11453F4830C1EC8 /* Frameworks */,
			);
			sourceTree = "<group>";
		};
		8D1307A121B31A15000DFB56 /* Products */ = {
			isa = PBXGroup;
			children = (
				8D1307A021B31A15000DFB56 /* GoodWeather.app */,
			);
			name = Products;
			sourceTree = "<group>";
		};
		8D1307A221B31A15000DFB56 /* GoodWeather */ = {
			isa = PBXGroup;
			children = (
				84935AE2256817A2008704F3 /* Constants */,
				844810AC2567FF69009D2BB4 /* Models */,
				8D237F3621B8C023008A4A4D /* Custom Controls */,
				8D94001D21B4A6B700CD5909 /* Extensions */,
				8DE35DF121B45520000C50CE /* ViewModels */,
				8DCB661021B341FA0042CE6E /* Services */,
				8D5D959E21B336EB008DC2C2 /* Custom Cells */,
				8D5D959921B31D23008DC2C2 /* Controllers */,
				8D1307A321B31A15000DFB56 /* AppDelegate.swift */,
				8D1307A721B31A15000DFB56 /* Main.storyboard */,
				8D1307AA21B31A16000DFB56 /* Assets.xcassets */,
				8D1307AC21B31A16000DFB56 /* LaunchScreen.storyboard */,
				8D1307AF21B31A16000DFB56 /* Info.plist */,
			);
			path = GoodWeather;
			sourceTree = "<group>";
		};
		8D237F3621B8C023008A4A4D /* Custom Controls */ = {
			isa = PBXGroup;
			children = (
				8D237F3721B8C039008A4A4D /* BindingTextField.swift */,
			);
			path = "Custom Controls";
			sourceTree = "<group>";
		};
		8D5D959921B31D23008DC2C2 /* Controllers */ = {
			isa = PBXGroup;
			children = (
				8D5D959A21B31D47008DC2C2 /* WeatherListTableViewController.swift */,
				8D5D959C21B31D71008DC2C2 /* AddWeatherCityViewController.swift */,
				8D41BA4821B4E54A00892DD0 /* SettingsTableViewController.swift */,
			);
			path = Controllers;
			sourceTree = "<group>";
		};
		8D5D959E21B336EB008DC2C2 /* Custom Cells */ = {
			isa = PBXGroup;
			children = (
				8D5D959F21B3374B008DC2C2 /* WeatherCell.swift */,
			);
			path = "Custom Cells";
			sourceTree = "<group>";
		};
		8D94001D21B4A6B700CD5909 /* Extensions */ = {
			isa = PBXGroup;
			children = (
				8D94001E21B4A6C800CD5909 /* Double+Extensions.swift */,
				84935ADE25680251008704F3 /* CustomStringConvertible+Extensions.swift */,
			);
			path = Extensions;
			sourceTree = "<group>";
		};
		8DCB661021B341FA0042CE6E /* Services */ = {
			isa = PBXGroup;
			children = (
				8DCB661121B342090042CE6E /* Webservice.swift */,
			);
			path = Services;
			sourceTree = "<group>";
		};
		8DE35DF121B45520000C50CE /* ViewModels */ = {
			isa = PBXGroup;
			children = (
				8DE35DF221B45547000C50CE /* WeatherListViewModel.swift */,
				8D41BA4A21B4E7B500892DD0 /* SettingsViewModel.swift */,
				8D237F3421B8BFD1008A4A4D /* AddCityViewModel.swift */,
				844810A52567FD7D009D2BB4 /* WeatherViewModel.swift */,
			);
			path = ViewModels;
			sourceTree = "<group>";
		};
		940EB45AD11453F4830C1EC8 /* Frameworks */ = {
			isa = PBXGroup;
			children = (
				59D7D607FE678E754DD03A33 /* Pods_GoodWeather.framework */,
			);
			name = Frameworks;
			sourceTree = "<group>";
		};
		CF93148D5C1E7BC38FAEF15D /* Pods */ = {
			isa = PBXGroup;
			children = (
				88593091618A5B66A54C0CDF /* Pods-GoodWeather.debug.xcconfig */,
				8B85B8B1FDF146AE1FA19905 /* Pods-GoodWeather.release.xcconfig */,
			);
			path = Pods;
			sourceTree = "<group>";
		};
/* End PBXGroup section */

/* Begin PBXNativeTarget section */
		8D13079F21B31A15000DFB56 /* GoodWeather */ = {
			isa = PBXNativeTarget;
			buildConfigurationList = 8D1307B221B31A16000DFB56 /* Build configuration list for PBXNativeTarget "GoodWeather" */;
			buildPhases = (
				262872A2BB60D5A6309B98FA /* [CP] Check Pods Manifest.lock */,
				8D13079C21B31A15000DFB56 /* Sources */,
				8D13079D21B31A15000DFB56 /* Frameworks */,
				8D13079E21B31A15000DFB56 /* Resources */,
				A5DA3EF5EDFF350826EB5ED8 /* [CP] Embed Pods Frameworks */,
			);
			buildRules = (
			);
			dependencies = (
			);
			name = GoodWeather;
			productName = GoodWeather;
			productReference = 8D1307A021B31A15000DFB56 /* GoodWeather.app */;
			productType = "com.apple.product-type.application";
		};
/* End PBXNativeTarget section */

/* Begin PBXProject section */
		8D13079821B31A15000DFB56 /* Project object */ = {
			isa = PBXProject;
			attributes = {
				LastSwiftUpdateCheck = 1010;
				LastUpgradeCheck = 1010;
				ORGANIZATIONNAME = "Mohammad Azam";
				TargetAttributes = {
					8D13079F21B31A15000DFB56 = {
						CreatedOnToolsVersion = 10.1;
					};
				};
			};
			buildConfigurationList = 8D13079B21B31A15000DFB56 /* Build configuration list for PBXProject "GoodWeather" */;
			compatibilityVersion = "Xcode 9.3";
			developmentRegion = en;
			hasScannedForEncodings = 0;
			knownRegions = (
				en,
				Base,
			);
			mainGroup = 8D13079721B31A15000DFB56;
			productRefGroup = 8D1307A121B31A15000DFB56 /* Products */;
			projectDirPath = "";
			projectRoot = "";
			targets = (
				8D13079F21B31A15000DFB56 /* GoodWeather */,
			);
		};
/* End PBXProject section */

/* Begin PBXResourcesBuildPhase section */
		8D13079E21B31A15000DFB56 /* Resources */ = {
			isa = PBXResourcesBuildPhase;
			buildActionMask = 2147483647;
			files = (
				8D1307AE21B31A16000DFB56 /* LaunchScreen.storyboard in Resources */,
				8D1307AB21B31A16000DFB56 /* Assets.xcassets in Resources */,
				8D1307A921B31A15000DFB56 /* Main.storyboard in Resources */,
			);
			runOnlyForDeploymentPostprocessing = 0;
		};
/* End PBXResourcesBuildPhase section */

/* Begin PBXShellScriptBuildPhase section */
		262872A2BB60D5A6309B98FA /* [CP] Check Pods Manifest.lock */ = {
			isa = PBXShellScriptBuildPhase;
			buildActionMask = 2147483647;
			files = (
			);
			inputFileListPaths = (
			);
			inputPaths = (
				"${PODS_PODFILE_DIR_PATH}/Podfile.lock",
				"${PODS_ROOT}/Manifest.lock",
			);
			name = "[CP] Check Pods Manifest.lock";
			outputFileListPaths = (
			);
			outputPaths = (
				"$(DERIVED_FILE_DIR)/Pods-GoodWeather-checkManifestLockResult.txt",
			);
			runOnlyForDeploymentPostprocessing = 0;
			shellPath = /bin/sh;
			shellScript = "diff \"${PODS_PODFILE_DIR_PATH}/Podfile.lock\" \"${PODS_ROOT}/Manifest.lock\" > /dev/null\nif [ $? != 0 ] ; then\n    # print error to STDERR\n    echo \"error: The sandbox is not in sync with the Podfile.lock. Run 'pod install' or update your CocoaPods installation.\" >&2\n    exit 1\nfi\n# This output is used by Xcode 'outputs' to avoid re-running this script phase.\necho \"SUCCESS\" > \"${SCRIPT_OUTPUT_FILE_0}\"\n";
			showEnvVarsInLog = 0;
		};
		A5DA3EF5EDFF350826EB5ED8 /* [CP] Embed Pods Frameworks */ = {
			isa = PBXShellScriptBuildPhase;
			buildActionMask = 2147483647;
			files = (
			);
			inputFileListPaths = (
				"${PODS_ROOT}/Target Support Files/Pods-GoodWeather/Pods-GoodWeather-frameworks-${CONFIGURATION}-input-files.xcfilelist",
			);
			name = "[CP] Embed Pods Frameworks";
			outputFileListPaths = (
				"${PODS_ROOT}/Target Support Files/Pods-GoodWeather/Pods-GoodWeather-frameworks-${CONFIGURATION}-output-files.xcfilelist",
			);
			runOnlyForDeploymentPostprocessing = 0;
			shellPath = /bin/sh;
			shellScript = "\"${PODS_ROOT}/Target Support Files/Pods-GoodWeather/Pods-GoodWeather-frameworks.sh\"\n";
			showEnvVarsInLog = 0;
		};
/* End PBXShellScriptBuildPhase section */

/* Begin PBXSourcesBuildPhase section */
		8D13079C21B31A15000DFB56 /* Sources */ = {
			isa = PBXSourcesBuildPhase;
			buildActionMask = 2147483647;
			files = (
				8D5D95A021B3374B008DC2C2 /* WeatherCell.swift in Sources */,
				844810A62567FD7D009D2BB4 /* WeatherViewModel.swift in Sources */,
				8D5D959B21B31D47008DC2C2 /* WeatherListTableViewController.swift in Sources */,
				8D94001F21B4A6C800CD5909 /* Double+Extensions.swift in Sources */,
				8D5D959D21B31D71008DC2C2 /* AddWeatherCityViewController.swift in Sources */,
				844810B82568001F009D2BB4 /* Main.swift in Sources */,
				8D41BA4921B4E54A00892DD0 /* SettingsTableViewController.swift in Sources */,
				8D237F3521B8BFD1008A4A4D /* AddCityViewModel.swift in Sources */,
				8DE35DF321B45547000C50CE /* WeatherListViewModel.swift in Sources */,
				8DCB661221B342090042CE6E /* Webservice.swift in Sources */,
				844810B22567FFA0009D2BB4 /* Clouds.swift in Sources */,
				844810C225680073009D2BB4 /* Wind.swift in Sources */,
				8D237F3821B8C039008A4A4D /* BindingTextField.swift in Sources */,
				844810AE2567FF74009D2BB4 /* WeatherModel.swift in Sources */,
				8D1307A421B31A15000DFB56 /* AppDelegate.swift in Sources */,
				844810B52567FFCB009D2BB4 /* Coord.swift in Sources */,
				8D41BA4B21B4E7B500892DD0 /* SettingsViewModel.swift in Sources */,
				84935AE4256817B6008704F3 /* APIEndPoints.swift in Sources */,
				844810BE25680052009D2BB4 /* Weather.swift in Sources */,
				844810BB25680040009D2BB4 /* Sys.swift in Sources */,
				84935ADF25680251008704F3 /* CustomStringConvertible+Extensions.swift in Sources */,
			);
			runOnlyForDeploymentPostprocessing = 0;
		};
/* End PBXSourcesBuildPhase section */

/* Begin PBXVariantGroup section */
		8D1307A721B31A15000DFB56 /* Main.storyboard */ = {
			isa = PBXVariantGroup;
			children = (
				8D1307A821B31A15000DFB56 /* Base */,
			);
			name = Main.storyboard;
			sourceTree = "<group>";
		};
		8D1307AC21B31A16000DFB56 /* LaunchScreen.storyboard */ = {
			isa = PBXVariantGroup;
			children = (
				8D1307AD21B31A16000DFB56 /* Base */,
			);
			name = LaunchScreen.storyboard;
			sourceTree = "<group>";
		};
/* End PBXVariantGroup section */

/* Begin XCBuildConfiguration section */
		8D1307B021B31A16000DFB56 /* Debug */ = {
			isa = XCBuildConfiguration;
			buildSettings = {
				ALWAYS_SEARCH_USER_PATHS = NO;
				CLANG_ANALYZER_NONNULL = YES;
				CLANG_ANALYZER_NUMBER_OBJECT_CONVERSION = YES_AGGRESSIVE;
				CLANG_CXX_LANGUAGE_STANDARD = "gnu++14";
				CLANG_CXX_LIBRARY = "libc++";
				CLANG_ENABLE_MODULES = YES;
				CLANG_ENABLE_OBJC_ARC = YES;
				CLANG_ENABLE_OBJC_WEAK = YES;
				CLANG_WARN_BLOCK_CAPTURE_AUTORELEASING = YES;
				CLANG_WARN_BOOL_CONVERSION = YES;
				CLANG_WARN_COMMA = YES;
				CLANG_WARN_CONSTANT_CONVERSION = YES;
				CLANG_WARN_DEPRECATED_OBJC_IMPLEMENTATIONS = YES;
				CLANG_WARN_DIRECT_OBJC_ISA_USAGE = YES_ERROR;
				CLANG_WARN_DOCUMENTATION_COMMENTS = YES;
				CLANG_WARN_EMPTY_BODY = YES;
				CLANG_WARN_ENUM_CONVERSION = YES;
				CLANG_WARN_INFINITE_RECURSION = YES;
				CLANG_WARN_INT_CONVERSION = YES;
				CLANG_WARN_NON_LITERAL_NULL_CONVERSION = YES;
				CLANG_WARN_OBJC_IMPLICIT_RETAIN_SELF = YES;
				CLANG_WARN_OBJC_LITERAL_CONVERSION = YES;
				CLANG_WARN_OBJC_ROOT_CLASS = YES_ERROR;
				CLANG_WARN_RANGE_LOOP_ANALYSIS = YES;
				CLANG_WARN_STRICT_PROTOTYPES = YES;
				CLANG_WARN_SUSPICIOUS_MOVE = YES;
				CLANG_WARN_UNGUARDED_AVAILABILITY = YES_AGGRESSIVE;
				CLANG_WARN_UNREACHABLE_CODE = YES;
				CLANG_WARN__DUPLICATE_METHOD_MATCH = YES;
				CODE_SIGN_IDENTITY = "iPhone Developer";
				COPY_PHASE_STRIP = NO;
				DEBUG_INFORMATION_FORMAT = dwarf;
				ENABLE_STRICT_OBJC_MSGSEND = YES;
				ENABLE_TESTABILITY = YES;
				GCC_C_LANGUAGE_STANDARD = gnu11;
				GCC_DYNAMIC_NO_PIC = NO;
				GCC_NO_COMMON_BLOCKS = YES;
				GCC_OPTIMIZATION_LEVEL = 0;
				GCC_PREPROCESSOR_DEFINITIONS = (
					"DEBUG=1",
					"$(inherited)",
				);
				GCC_WARN_64_TO_32_BIT_CONVERSION = YES;
				GCC_WARN_ABOUT_RETURN_TYPE = YES_ERROR;
				GCC_WARN_UNDECLARED_SELECTOR = YES;
				GCC_WARN_UNINITIALIZED_AUTOS = YES_AGGRESSIVE;
				GCC_WARN_UNUSED_FUNCTION = YES;
				GCC_WARN_UNUSED_VARIABLE = YES;
				IPHONEOS_DEPLOYMENT_TARGET = 12.1;
				MTL_ENABLE_DEBUG_INFO = INCLUDE_SOURCE;
				MTL_FAST_MATH = YES;
				ONLY_ACTIVE_ARCH = YES;
				SDKROOT = iphoneos;
				SWIFT_ACTIVE_COMPILATION_CONDITIONS = DEBUG;
				SWIFT_OPTIMIZATION_LEVEL = "-Onone";
			};
			name = Debug;
		};
		8D1307B121B31A16000DFB56 /* Release */ = {
			isa = XCBuildConfiguration;
			buildSettings = {
				ALWAYS_SEARCH_USER_PATHS = NO;
				CLANG_ANALYZER_NONNULL = YES;
				CLANG_ANALYZER_NUMBER_OBJECT_CONVERSION = YES_AGGRESSIVE;
				CLANG_CXX_LANGUAGE_STANDARD = "gnu++14";
				CLANG_CXX_LIBRARY = "libc++";
				CLANG_ENABLE_MODULES = YES;
				CLANG_ENABLE_OBJC_ARC = YES;
				CLANG_ENABLE_OBJC_WEAK = YES;
				CLANG_WARN_BLOCK_CAPTURE_AUTORELEASING = YES;
				CLANG_WARN_BOOL_CONVERSION = YES;
				CLANG_WARN_COMMA = YES;
				CLANG_WARN_CONSTANT_CONVERSION = YES;
				CLANG_WARN_DEPRECATED_OBJC_IMPLEMENTATIONS = YES;
				CLANG_WARN_DIRECT_OBJC_ISA_USAGE = YES_ERROR;
				CLANG_WARN_DOCUMENTATION_COMMENTS = YES;
				CLANG_WARN_EMPTY_BODY = YES;
				CLANG_WARN_ENUM_CONVERSION = YES;
				CLANG_WARN_INFINITE_RECURSION = YES;
				CLANG_WARN_INT_CONVERSION = YES;
				CLANG_WARN_NON_LITERAL_NULL_CONVERSION = YES;
				CLANG_WARN_OBJC_IMPLICIT_RETAIN_SELF = YES;
				CLANG_WARN_OBJC_LITERAL_CONVERSION = YES;
				CLANG_WARN_OBJC_ROOT_CLASS = YES_ERROR;
				CLANG_WARN_RANGE_LOOP_ANALYSIS = YES;
				CLANG_WARN_STRICT_PROTOTYPES = YES;
				CLANG_WARN_SUSPICIOUS_MOVE = YES;
				CLANG_WARN_UNGUARDED_AVAILABILITY = YES_AGGRESSIVE;
				CLANG_WARN_UNREACHABLE_CODE = YES;
				CLANG_WARN__DUPLICATE_METHOD_MATCH = YES;
				CODE_SIGN_IDENTITY = "iPhone Developer";
				COPY_PHASE_STRIP = NO;
				DEBUG_INFORMATION_FORMAT = "dwarf-with-dsym";
				ENABLE_NS_ASSERTIONS = NO;
				ENABLE_STRICT_OBJC_MSGSEND = YES;
				GCC_C_LANGUAGE_STANDARD = gnu11;
				GCC_NO_COMMON_BLOCKS = YES;
				GCC_WARN_64_TO_32_BIT_CONVERSION = YES;
				GCC_WARN_ABOUT_RETURN_TYPE = YES_ERROR;
				GCC_WARN_UNDECLARED_SELECTOR = YES;
				GCC_WARN_UNINITIALIZED_AUTOS = YES_AGGRESSIVE;
				GCC_WARN_UNUSED_FUNCTION = YES;
				GCC_WARN_UNUSED_VARIABLE = YES;
				IPHONEOS_DEPLOYMENT_TARGET = 12.1;
				MTL_ENABLE_DEBUG_INFO = NO;
				MTL_FAST_MATH = YES;
				SDKROOT = iphoneos;
				SWIFT_COMPILATION_MODE = wholemodule;
				SWIFT_OPTIMIZATION_LEVEL = "-O";
				VALIDATE_PRODUCT = YES;
			};
			name = Release;
		};
		8D1307B321B31A16000DFB56 /* Debug */ = {
			isa = XCBuildConfiguration;
			baseConfigurationReference = 88593091618A5B66A54C0CDF /* Pods-GoodWeather.debug.xcconfig */;
			buildSettings = {
				ASSETCATALOG_COMPILER_APPICON_NAME = AppIcon;
				CODE_SIGN_STYLE = Automatic;
				DEVELOPMENT_TEAM = L8D728RB97;
				INFOPLIST_FILE = GoodWeather/Info.plist;
				LD_RUNPATH_SEARCH_PATHS = (
					"$(inherited)",
					"@executable_path/Frameworks",
				);
				PRODUCT_BUNDLE_IDENTIFIER = com.sujit.goodWeather;
				PRODUCT_NAME = "$(TARGET_NAME)";
				SWIFT_VERSION = 4.2;
				TARGETED_DEVICE_FAMILY = "1,2";
			};
			name = Debug;
		};
		8D1307B421B31A16000DFB56 /* Release */ = {
			isa = XCBuildConfiguration;
			baseConfigurationReference = 8B85B8B1FDF146AE1FA19905 /* Pods-GoodWeather.release.xcconfig */;
			buildSettings = {
				ASSETCATALOG_COMPILER_APPICON_NAME = AppIcon;
				CODE_SIGN_STYLE = Automatic;
				DEVELOPMENT_TEAM = L8D728RB97;
				INFOPLIST_FILE = GoodWeather/Info.plist;
				LD_RUNPATH_SEARCH_PATHS = (
					"$(inherited)",
					"@executable_path/Frameworks",
				);
				PRODUCT_BUNDLE_IDENTIFIER = com.sujit.goodWeather;
				PRODUCT_NAME = "$(TARGET_NAME)";
				SWIFT_VERSION = 4.2;
				TARGETED_DEVICE_FAMILY = "1,2";
			};
			name = Release;
		};
/* End XCBuildConfiguration section */

/* Begin XCConfigurationList section */
		8D13079B21B31A15000DFB56 /* Build configuration list for PBXProject "GoodWeather" */ = {
			isa = XCConfigurationList;
			buildConfigurations = (
				8D1307B021B31A16000DFB56 /* Debug */,
				8D1307B121B31A16000DFB56 /* Release */,
			);
			defaultConfigurationIsVisible = 0;
			defaultConfigurationName = Release;
		};
		8D1307B221B31A16000DFB56 /* Build configuration list for PBXNativeTarget "GoodWeather" */ = {
			isa = XCConfigurationList;
			buildConfigurations = (
				8D1307B321B31A16000DFB56 /* Debug */,
				8D1307B421B31A16000DFB56 /* Release */,
			);
			defaultConfigurationIsVisible = 0;
			defaultConfigurationName = Release;
		};
/* End XCConfigurationList section */
	};
	rootObject = 8D13079821B31A15000DFB56 /* Project object */;
}
